
Microsoft Visual Studio Solution File, Format Version 12.00
# Visual Studio 15
Project("{FAE04EC0-301F-11D3-BF4B-00C04F79EFBC}") = "Assembly-CSharp", "Assembly-CSharp.csproj", "{881819DF-29B5-E5C1-092C-AB9183E1C014}"
EndProject
Project("{FAE04EC0-301F-11D3-BF4B-00C04F79EFBC}") = "Assembly-CSharp-firstpass", "Assembly-CSharp-firstpass.csproj", "{305BCAC9-9607-6124-3937-91B6FEB85E0D}"
EndProject
Project("{FAE04EC0-301F-11D3-BF4B-00C04F79EFBC}") = "Assembly-CSharp-Editor", "Assembly-CSharp-Editor.csproj", "{C500C866-4B5B-F4CB-0A3E-1F2281DBBBDF}"
EndProject
Global
	GlobalSection(SolutionConfigurationPlatforms) = preSolution
		Debug|Any CPU = Debug|Any CPU
		Release|Any CPU = Release|Any CPU
	EndGlobalSection
	GlobalSection(ProjectConfigurationPlatforms) = postSolution
		{881819DF-29B5-E5C1-092C-AB9183E1C014}.Debug|Any CPU.ActiveCfg = Debug|Any CPU
		{881819DF-29B5-E5C1-092C-AB9183E1C014}.Debug|Any CPU.Build.0 = Debug|Any CPU
		{881819DF-29B5-E5C1-092C-AB9183E1C014}.Release|Any CPU.ActiveCfg = Release|Any CPU
		{881819DF-29B5-E5C1-092C-AB9183E1C014}.Release|Any CPU.Build.0 = Release|Any CPU
		{305BCAC9-9607-6124-3937-91B6FEB85E0D}.Debug|Any CPU.ActiveCfg = Debug|Any CPU
		{305BCAC9-9607-6124-3937-91B6FEB85E0D}.Debug|Any CPU.Build.0 = Debug|Any CPU
		{305BCAC9-9607-6124-3937-91B6FEB85E0D}.Release|Any CPU.ActiveCfg = Release|Any CPU
		{305BCAC9-9607-6124-3937-91B6FEB85E0D}.Release|Any CPU.Build.0 = Release|Any CPU
		{C500C866-4B5B-F4CB-0A3E-1F2281DBBBDF}.Debug|Any CPU.ActiveCfg = Debug|Any CPU
		{C500C866-4B5B-F4CB-0A3E-1F2281DBBBDF}.Debug|Any CPU.Build.0 = Debug|Any CPU
		{C500C866-4B5B-F4CB-0A3E-1F2281DBBBDF}.Release|Any CPU.ActiveCfg = Release|Any CPU
		{C500C866-4B5B-F4CB-0A3E-1F2281DBBBDF}.Release|Any CPU.Build.0 = Release|Any CPU
	EndGlobalSection
	GlobalSection(SolutionProperties) = preSolution
		HideSolutionNode = FALSE
	EndGlobalSection
EndGlobal
